
Microsoft Visual Studio Solution File, Format Version 12.00
# Visual Studio Version 17
VisualStudioVersion = 17.4.33213.308
MinimumVisualStudioVersion = 10.0.40219.1
Project("{FAE04EC0-301F-11D3-BF4B-00C04F79EFBC}") = "Kurs.szkoladotneta", "Kurs.szkoladotneta\Kurs.szkoladotneta.csproj", "{A68E852B-B7D9-4C53-B108-930EDCA2E6FB}"
EndProject
Global
	GlobalSection(SolutionConfigurationPlatforms) = preSolution
		Debug|Any CPU = Debug|Any CPU
		Release|Any CPU = Release|Any CPU
	EndGlobalSection
	GlobalSection(ProjectConfigurationPlatforms) = postSolution
		{A68E852B-B7D9-4C53-B108-930EDCA2E6FB}.Debug|Any CPU.ActiveCfg = Debug|Any CPU
		{A68E852B-B7D9-4C53-B108-930EDCA2E6FB}.Debug|Any CPU.Build.0 = Debug|Any CPU
		{A68E852B-B7D9-4C53-B108-930EDCA2E6FB}.Release|Any CPU.ActiveCfg = Release|Any CPU
		{A68E852B-B7D9-4C53-B108-930EDCA2E6FB}.Release|Any CPU.Build.0 = Release|Any CPU
	EndGlobalSection
	GlobalSection(SolutionProperties) = preSolution
		HideSolutionNode = FALSE
	EndGlobalSection
	GlobalSection(ExtensibilityGlobals) = postSolution
		SolutionGuid = {59AF7CA8-E5AE-4EB8-8C1B-4D15AB54B950}
	EndGlobalSection
EndGlobal
